
Microsoft Visual Studio Solution File, Format Version 12.00
# Visual Studio Version 17
VisualStudioVersion = 17.1.32210.238
MinimumVisualStudioVersion = 10.0.40219.1
Project("{2150E333-8FDC-42A3-9474-1A3956D46DE8}") = "Solution Items", "Solution Items", "{EDB33D9B-1964-4A62-9292-BCD8811F2605}"
	ProjectSection(SolutionItems) = preProject
		.gitignore = .gitignore
		Dockerfile = Dockerfile
		README.md = README.md
	EndProjectSection
EndProject
Project("{2150E333-8FDC-42A3-9474-1A3956D46DE8}") = "src", "src", "{DBF4BF51-5D7C-44D1-B4E2-F1BD9EEB5E79}"
EndProject
Project("{9A19103F-16F7-4668-BE54-9A1E7A4F7556}") = "BrunoDPO.BasicAPI.Application", "src\BrunoDPO.BasicAPI.Application\BrunoDPO.BasicAPI.Application.csproj", "{36AEC861-0CF0-487C-841F-840BD983B3AE}"
EndProject
Project("{9A19103F-16F7-4668-BE54-9A1E7A4F7556}") = "BrunoDPO.BasicAPI.Domain", "src\BrunoDPO.BasicAPI.Domain\BrunoDPO.BasicAPI.Domain.csproj", "{747AF48A-9299-4A13-B977-87DE996B2A2E}"
EndProject
Project("{9A19103F-16F7-4668-BE54-9A1E7A4F7556}") = "BrunoDPO.BasicAPI.Infrastructure", "src\BrunoDPO.BasicAPI.Infrastructure\BrunoDPO.BasicAPI.Infrastructure.csproj", "{82D1B7D4-4278-4673-8F4C-B2C7DCB02816}"
EndProject
Project("{9A19103F-16F7-4668-BE54-9A1E7A4F7556}") = "BrunoDPO.BasicAPI.WebApi", "src\BrunoDPO.BasicAPI.WebApi\BrunoDPO.BasicAPI.WebApi.csproj", "{5FDB9131-3AE8-47F5-87A4-954BAA3CC1BC}"
EndProject
Project("{2150E333-8FDC-42A3-9474-1A3956D46DE8}") = "tests", "tests", "{C58DDFDE-A5EE-4C21-9598-9E479AEE2678}"
EndProject
Project("{9A19103F-16F7-4668-BE54-9A1E7A4F7556}") = "BrunoDPO.BasicAPI.Application.UnitTest", "tests\BrunoDPO.BasicAPI.Application.UnitTest\BrunoDPO.BasicAPI.Application.UnitTest.csproj", "{039D25B4-3924-4BA0-9DFF-30583A3FEFCE}"
EndProject
Global
	GlobalSection(SolutionConfigurationPlatforms) = preSolution
		Debug|Any CPU = Debug|Any CPU
		Release|Any CPU = Release|Any CPU
	EndGlobalSection
	GlobalSection(ProjectConfigurationPlatforms) = postSolution
		{36AEC861-0CF0-487C-841F-840BD983B3AE}.Debug|Any CPU.ActiveCfg = Debug|Any CPU
		{36AEC861-0CF0-487C-841F-840BD983B3AE}.Debug|Any CPU.Build.0 = Debug|Any CPU
		{36AEC861-0CF0-487C-841F-840BD983B3AE}.Release|Any CPU.ActiveCfg = Release|Any CPU
		{36AEC861-0CF0-487C-841F-840BD983B3AE}.Release|Any CPU.Build.0 = Release|Any CPU
		{747AF48A-9299-4A13-B977-87DE996B2A2E}.Debug|Any CPU.ActiveCfg = Debug|Any CPU
		{747AF48A-9299-4A13-B977-87DE996B2A2E}.Debug|Any CPU.Build.0 = Debug|Any CPU
		{747AF48A-9299-4A13-B977-87DE996B2A2E}.Release|Any CPU.ActiveCfg = Release|Any CPU
		{747AF48A-9299-4A13-B977-87DE996B2A2E}.Release|Any CPU.Build.0 = Release|Any CPU
		{82D1B7D4-4278-4673-8F4C-B2C7DCB02816}.Debug|Any CPU.ActiveCfg = Debug|Any CPU
		{82D1B7D4-4278-4673-8F4C-B2C7DCB02816}.Debug|Any CPU.Build.0 = Debug|Any CPU
		{82D1B7D4-4278-4673-8F4C-B2C7DCB02816}.Release|Any CPU.ActiveCfg = Release|Any CPU
		{82D1B7D4-4278-4673-8F4C-B2C7DCB02816}.Release|Any CPU.Build.0 = Release|Any CPU
		{5FDB9131-3AE8-47F5-87A4-954BAA3CC1BC}.Debug|Any CPU.ActiveCfg = Debug|Any CPU
		{5FDB9131-3AE8-47F5-87A4-954BAA3CC1BC}.Debug|Any CPU.Build.0 = Debug|Any CPU
		{5FDB9131-3AE8-47F5-87A4-954BAA3CC1BC}.Release|Any CPU.ActiveCfg = Release|Any CPU
		{5FDB9131-3AE8-47F5-87A4-954BAA3CC1BC}.Release|Any CPU.Build.0 = Release|Any CPU
		{039D25B4-3924-4BA0-9DFF-30583A3FEFCE}.Debug|Any CPU.ActiveCfg = Debug|Any CPU
		{039D25B4-3924-4BA0-9DFF-30583A3FEFCE}.Debug|Any CPU.Build.0 = Debug|Any CPU
		{039D25B4-3924-4BA0-9DFF-30583A3FEFCE}.Release|Any CPU.ActiveCfg = Release|Any CPU
		{039D25B4-3924-4BA0-9DFF-30583A3FEFCE}.Release|Any CPU.Build.0 = Release|Any CPU
	EndGlobalSection
	GlobalSection(SolutionProperties) = preSolution
		HideSolutionNode = FALSE
	EndGlobalSection
	GlobalSection(NestedProjects) = preSolution
		{36AEC861-0CF0-487C-841F-840BD983B3AE} = {DBF4BF51-5D7C-44D1-B4E2-F1BD9EEB5E79}
		{747AF48A-9299-4A13-B977-87DE996B2A2E} = {DBF4BF51-5D7C-44D1-B4E2-F1BD9EEB5E79}
		{82D1B7D4-4278-4673-8F4C-B2C7DCB02816} = {DBF4BF51-5D7C-44D1-B4E2-F1BD9EEB5E79}
		{5FDB9131-3AE8-47F5-87A4-954BAA3CC1BC} = {DBF4BF51-5D7C-44D1-B4E2-F1BD9EEB5E79}
		{039D25B4-3924-4BA0-9DFF-30583A3FEFCE} = {C58DDFDE-A5EE-4C21-9598-9E479AEE2678}
	EndGlobalSection
	GlobalSection(ExtensibilityGlobals) = postSolution
		SolutionGuid = {1C4845A8-71AD-4AB0-9ACD-21F3651100DC}
	EndGlobalSection
EndGlobal
